# This file is automatically @generated by Cargo.
# It is not intended for manual editing.
version = 3

[[package]]
name = "anyhow"
version = "1.0.75"
source = "registry+https://github.com/rust-lang/crates.io-index"
checksum = "a4668cab20f66d8d020e1fbc0ebe47217433c1b6c8f2040faf858554e394ace6"

[[package]]
name = "memchr"
version = "2.6.4"
source = "registry+https://github.com/rust-lang/crates.io-index"
checksum = "f665ee40bc4a3c5590afb1e9677db74a508659dfd71e126420da8274909a0167"

[[package]]
name = "nordc"
version = "0.1.0"
dependencies = [
 "anyhow",
 "winnow",
]

[[package]]
name = "winnow"
version = "0.5.30"
source = "registry+https://github.com/rust-lang/crates.io-index"
checksum = "9b5c3db89721d50d0e2a673f5043fc4722f76dcc352d7b1ab8b8288bed4ed2c5"
dependencies = [
 "memchr",
]
